
Microsoft Visual Studio Solution File, Format Version 12.00
# Visual Studio 2013
VisualStudioVersion = 12.0.21005.1
MinimumVisualStudioVersion = 10.0.40219.1
Project("{FAE04EC0-301F-11D3-BF4B-00C04F79EFBC}") = "TPO.Common", "TPO.Common\TPO.Common.csproj", "{72DBC9AB-F9D7-479D-ACE0-9F649952D85C}"
EndProject
Project("{FAE04EC0-301F-11D3-BF4B-00C04F79EFBC}") = "TPO.Services", "TPO.Services\TPO.Services.csproj", "{F3065BD2-DCAE-4607-94B3-5A4088CE96B8}"
EndProject
Project("{FAE04EC0-301F-11D3-BF4B-00C04F79EFBC}") = "TPO.Web", "TPO.Web\TPO.Web.csproj", "{8F9E8F6E-F75B-49A9-B89D-89889C24F7AB}"
EndProject
Project("{FAE04EC0-301F-11D3-BF4B-00C04F79EFBC}") = "TPO.Data", "TPO.Data\TPO.Data.csproj", "{EBC7FA16-9DDB-426E-ACC7-EA3459887741}"
EndProject
Project("{00D1A9C2-B5F0-4AF3-8072-F6C62B433612}") = "TPO.Database", "TPO.Database\TPO.Database.sqlproj", "{D2E7874B-D240-4BBD-9D91-1A15E2B0AA3D}"
EndProject
Project("{FAE04EC0-301F-11D3-BF4B-00C04F79EFBC}") = "TPO.Build", "TPO.Build\TPO.Build.csproj", "{87265CDE-3CA2-4222-923C-25BDCD7C7631}"
EndProject
Global
	GlobalSection(TeamFoundationVersionControl) = preSolution
		SccNumberOfProjects = 7
		SccEnterpriseProvider = {4CA58AB2-18FA-4F8D-95D4-32DDF27D184C}
		SccTeamFoundationServer = https://tfs12.thinketg.com/tfs/defaultcollection
		SccLocalPath0 = .
		SccProjectUniqueName1 = TPO.Common\\TPO.Common.csproj
		SccProjectName1 = TPO.Common
		SccLocalPath1 = TPO.Common
		SccProjectUniqueName2 = TPO.Services\\TPO.Services.csproj
		SccProjectName2 = TPO.Services
		SccLocalPath2 = TPO.Services
		SccProjectUniqueName3 = TPO.Web\\TPO.Web.csproj
		SccProjectName3 = TPO.Web
		SccLocalPath3 = TPO.Web
		SccProjectUniqueName4 = TPO.Data\\TPO.Data.csproj
		SccProjectName4 = TPO.Data
		SccLocalPath4 = TPO.Data
		SccProjectUniqueName5 = TPO.Database\\TPO.Database.sqlproj
		SccProjectName5 = TPO.Database
		SccLocalPath5 = TPO.Database
		SccProjectUniqueName6 = TPO.Build\\TPO.Build.csproj
		SccProjectName6 = TPO.Build
		SccLocalPath6 = TPO.Build
	EndGlobalSection
	GlobalSection(SolutionConfigurationPlatforms) = preSolution
		Debug|Any CPU = Debug|Any CPU
		Debug|x64 = Debug|x64
		DEV|Any CPU = DEV|Any CPU
		DEV|x64 = DEV|x64
		QA|Any CPU = QA|Any CPU
		QA|x64 = QA|x64
		Release|Any CPU = Release|Any CPU
		Release|x64 = Release|x64
	EndGlobalSection
	GlobalSection(ProjectConfigurationPlatforms) = postSolution
		{72DBC9AB-F9D7-479D-ACE0-9F649952D85C}.Debug|Any CPU.ActiveCfg = Debug|Any CPU
		{72DBC9AB-F9D7-479D-ACE0-9F649952D85C}.Debug|Any CPU.Build.0 = Debug|Any CPU
		{72DBC9AB-F9D7-479D-ACE0-9F649952D85C}.Debug|x64.ActiveCfg = Debug|Any CPU
		{72DBC9AB-F9D7-479D-ACE0-9F649952D85C}.Debug|x64.Build.0 = Debug|Any CPU
		{72DBC9AB-F9D7-479D-ACE0-9F649952D85C}.DEV|Any CPU.ActiveCfg = DEV|Any CPU
		{72DBC9AB-F9D7-479D-ACE0-9F649952D85C}.DEV|Any CPU.Build.0 = DEV|Any CPU
		{72DBC9AB-F9D7-479D-ACE0-9F649952D85C}.DEV|x64.ActiveCfg = DEV|x64
		{72DBC9AB-F9D7-479D-ACE0-9F649952D85C}.DEV|x64.Build.0 = DEV|x64
		{72DBC9AB-F9D7-479D-ACE0-9F649952D85C}.QA|Any CPU.ActiveCfg = QA|Any CPU
		{72DBC9AB-F9D7-479D-ACE0-9F649952D85C}.QA|Any CPU.Build.0 = QA|Any CPU
		{72DBC9AB-F9D7-479D-ACE0-9F649952D85C}.QA|x64.ActiveCfg = QA|x64
		{72DBC9AB-F9D7-479D-ACE0-9F649952D85C}.QA|x64.Build.0 = QA|x64
		{72DBC9AB-F9D7-479D-ACE0-9F649952D85C}.Release|Any CPU.ActiveCfg = Release|Any CPU
		{72DBC9AB-F9D7-479D-ACE0-9F649952D85C}.Release|Any CPU.Build.0 = Release|Any CPU
		{72DBC9AB-F9D7-479D-ACE0-9F649952D85C}.Release|x64.ActiveCfg = Release|Any CPU
		{72DBC9AB-F9D7-479D-ACE0-9F649952D85C}.Release|x64.Build.0 = Release|Any CPU
		{F3065BD2-DCAE-4607-94B3-5A4088CE96B8}.Debug|Any CPU.ActiveCfg = Debug|Any CPU
		{F3065BD2-DCAE-4607-94B3-5A4088CE96B8}.Debug|Any CPU.Build.0 = Debug|Any CPU
		{F3065BD2-DCAE-4607-94B3-5A4088CE96B8}.Debug|x64.ActiveCfg = Debug|Any CPU
		{F3065BD2-DCAE-4607-94B3-5A4088CE96B8}.Debug|x64.Build.0 = Debug|Any CPU
		{F3065BD2-DCAE-4607-94B3-5A4088CE96B8}.DEV|Any CPU.ActiveCfg = DEV|Any CPU
		{F3065BD2-DCAE-4607-94B3-5A4088CE96B8}.DEV|Any CPU.Build.0 = DEV|Any CPU
		{F3065BD2-DCAE-4607-94B3-5A4088CE96B8}.DEV|x64.ActiveCfg = DEV|x64
		{F3065BD2-DCAE-4607-94B3-5A4088CE96B8}.DEV|x64.Build.0 = DEV|x64
		{F3065BD2-DCAE-4607-94B3-5A4088CE96B8}.QA|Any CPU.ActiveCfg = QA|Any CPU
		{F3065BD2-DCAE-4607-94B3-5A4088CE96B8}.QA|Any CPU.Build.0 = QA|Any CPU
		{F3065BD2-DCAE-4607-94B3-5A4088CE96B8}.QA|x64.ActiveCfg = QA|x64
		{F3065BD2-DCAE-4607-94B3-5A4088CE96B8}.QA|x64.Build.0 = QA|x64
		{F3065BD2-DCAE-4607-94B3-5A4088CE96B8}.Release|Any CPU.ActiveCfg = Release|Any CPU
		{F3065BD2-DCAE-4607-94B3-5A4088CE96B8}.Release|Any CPU.Build.0 = Release|Any CPU
		{F3065BD2-DCAE-4607-94B3-5A4088CE96B8}.Release|x64.ActiveCfg = Release|Any CPU
		{F3065BD2-DCAE-4607-94B3-5A4088CE96B8}.Release|x64.Build.0 = Release|Any CPU
		{8F9E8F6E-F75B-49A9-B89D-89889C24F7AB}.Debug|Any CPU.ActiveCfg = Debug|Any CPU
		{8F9E8F6E-F75B-49A9-B89D-89889C24F7AB}.Debug|Any CPU.Build.0 = Debug|Any CPU
		{8F9E8F6E-F75B-49A9-B89D-89889C24F7AB}.Debug|x64.ActiveCfg = Debug|Any CPU
		{8F9E8F6E-F75B-49A9-B89D-89889C24F7AB}.Debug|x64.Build.0 = Debug|Any CPU
		{8F9E8F6E-F75B-49A9-B89D-89889C24F7AB}.DEV|Any CPU.ActiveCfg = Debug|Any CPU
		{8F9E8F6E-F75B-49A9-B89D-89889C24F7AB}.DEV|Any CPU.Build.0 = Debug|Any CPU
		{8F9E8F6E-F75B-49A9-B89D-89889C24F7AB}.DEV|x64.ActiveCfg = DEV|x64
		{8F9E8F6E-F75B-49A9-B89D-89889C24F7AB}.DEV|x64.Build.0 = DEV|x64
		{8F9E8F6E-F75B-49A9-B89D-89889C24F7AB}.QA|Any CPU.ActiveCfg = QA|Any CPU
		{8F9E8F6E-F75B-49A9-B89D-89889C24F7AB}.QA|Any CPU.Build.0 = QA|Any CPU
		{8F9E8F6E-F75B-49A9-B89D-89889C24F7AB}.QA|x64.ActiveCfg = QA|x64
		{8F9E8F6E-F75B-49A9-B89D-89889C24F7AB}.QA|x64.Build.0 = QA|x64
		{8F9E8F6E-F75B-49A9-B89D-89889C24F7AB}.Release|Any CPU.ActiveCfg = Release|Any CPU
		{8F9E8F6E-F75B-49A9-B89D-89889C24F7AB}.Release|Any CPU.Build.0 = Release|Any CPU
		{8F9E8F6E-F75B-49A9-B89D-89889C24F7AB}.Release|x64.ActiveCfg = Release|Any CPU
		{8F9E8F6E-F75B-49A9-B89D-89889C24F7AB}.Release|x64.Build.0 = Release|Any CPU
		{EBC7FA16-9DDB-426E-ACC7-EA3459887741}.Debug|Any CPU.ActiveCfg = Debug|Any CPU
		{EBC7FA16-9DDB-426E-ACC7-EA3459887741}.Debug|Any CPU.Build.0 = Debug|Any CPU
		{EBC7FA16-9DDB-426E-ACC7-EA3459887741}.Debug|x64.ActiveCfg = Debug|Any CPU
		{EBC7FA16-9DDB-426E-ACC7-EA3459887741}.Debug|x64.Build.0 = Debug|Any CPU
		{EBC7FA16-9DDB-426E-ACC7-EA3459887741}.DEV|Any CPU.ActiveCfg = DEV|Any CPU
		{EBC7FA16-9DDB-426E-ACC7-EA3459887741}.DEV|Any CPU.Build.0 = DEV|Any CPU
		{EBC7FA16-9DDB-426E-ACC7-EA3459887741}.DEV|x64.ActiveCfg = DEV|x64
		{EBC7FA16-9DDB-426E-ACC7-EA3459887741}.DEV|x64.Build.0 = DEV|x64
		{EBC7FA16-9DDB-426E-ACC7-EA3459887741}.QA|Any CPU.ActiveCfg = QA|Any CPU
		{EBC7FA16-9DDB-426E-ACC7-EA3459887741}.QA|Any CPU.Build.0 = QA|Any CPU
		{EBC7FA16-9DDB-426E-ACC7-EA3459887741}.QA|x64.ActiveCfg = QA|x64
		{EBC7FA16-9DDB-426E-ACC7-EA3459887741}.QA|x64.Build.0 = QA|x64
		{EBC7FA16-9DDB-426E-ACC7-EA3459887741}.Release|Any CPU.ActiveCfg = Release|Any CPU
		{EBC7FA16-9DDB-426E-ACC7-EA3459887741}.Release|Any CPU.Build.0 = Release|Any CPU
		{EBC7FA16-9DDB-426E-ACC7-EA3459887741}.Release|x64.ActiveCfg = Release|Any CPU
		{EBC7FA16-9DDB-426E-ACC7-EA3459887741}.Release|x64.Build.0 = Release|Any CPU
		{D2E7874B-D240-4BBD-9D91-1A15E2B0AA3D}.Debug|Any CPU.ActiveCfg = Debug|x64
		{D2E7874B-D240-4BBD-9D91-1A15E2B0AA3D}.Debug|x64.ActiveCfg = Debug|x64
		{D2E7874B-D240-4BBD-9D91-1A15E2B0AA3D}.Debug|x64.Build.0 = Debug|x64
		{D2E7874B-D240-4BBD-9D91-1A15E2B0AA3D}.DEV|Any CPU.ActiveCfg = Debug|Any CPU
		{D2E7874B-D240-4BBD-9D91-1A15E2B0AA3D}.DEV|Any CPU.Build.0 = Debug|Any CPU
		{D2E7874B-D240-4BBD-9D91-1A15E2B0AA3D}.DEV|Any CPU.Deploy.0 = Debug|Any CPU
		{D2E7874B-D240-4BBD-9D91-1A15E2B0AA3D}.DEV|x64.ActiveCfg = Debug|x64
		{D2E7874B-D240-4BBD-9D91-1A15E2B0AA3D}.DEV|x64.Build.0 = Debug|x64
		{D2E7874B-D240-4BBD-9D91-1A15E2B0AA3D}.DEV|x64.Deploy.0 = Debug|x64
		{D2E7874B-D240-4BBD-9D91-1A15E2B0AA3D}.QA|Any CPU.ActiveCfg = QA|Any CPU
		{D2E7874B-D240-4BBD-9D91-1A15E2B0AA3D}.QA|Any CPU.Build.0 = QA|Any CPU
		{D2E7874B-D240-4BBD-9D91-1A15E2B0AA3D}.QA|Any CPU.Deploy.0 = QA|Any CPU
		{D2E7874B-D240-4BBD-9D91-1A15E2B0AA3D}.QA|x64.ActiveCfg = QA|x64
		{D2E7874B-D240-4BBD-9D91-1A15E2B0AA3D}.QA|x64.Build.0 = QA|x64
		{D2E7874B-D240-4BBD-9D91-1A15E2B0AA3D}.QA|x64.Deploy.0 = QA|x64
		{D2E7874B-D240-4BBD-9D91-1A15E2B0AA3D}.Release|Any CPU.ActiveCfg = Release|Any CPU
		{D2E7874B-D240-4BBD-9D91-1A15E2B0AA3D}.Release|Any CPU.Build.0 = Release|Any CPU
		{D2E7874B-D240-4BBD-9D91-1A15E2B0AA3D}.Release|Any CPU.Deploy.0 = Release|Any CPU
		{D2E7874B-D240-4BBD-9D91-1A15E2B0AA3D}.Release|x64.ActiveCfg = Release|x64
		{D2E7874B-D240-4BBD-9D91-1A15E2B0AA3D}.Release|x64.Build.0 = Release|x64
		{87265CDE-3CA2-4222-923C-25BDCD7C7631}.Debug|Any CPU.ActiveCfg = Debug|Any CPU
		{87265CDE-3CA2-4222-923C-25BDCD7C7631}.Debug|Any CPU.Build.0 = Debug|Any CPU
		{87265CDE-3CA2-4222-923C-25BDCD7C7631}.Debug|x64.ActiveCfg = Debug|Any CPU
		{87265CDE-3CA2-4222-923C-25BDCD7C7631}.DEV|Any CPU.ActiveCfg = Debug|Any CPU
		{87265CDE-3CA2-4222-923C-25BDCD7C7631}.DEV|Any CPU.Build.0 = Debug|Any CPU
		{87265CDE-3CA2-4222-923C-25BDCD7C7631}.DEV|x64.ActiveCfg = Debug|Any CPU
		{87265CDE-3CA2-4222-923C-25BDCD7C7631}.QA|Any CPU.ActiveCfg = Release|Any CPU
		{87265CDE-3CA2-4222-923C-25BDCD7C7631}.QA|Any CPU.Build.0 = Release|Any CPU
		{87265CDE-3CA2-4222-923C-25BDCD7C7631}.QA|x64.ActiveCfg = Release|Any CPU
		{87265CDE-3CA2-4222-923C-25BDCD7C7631}.Release|Any CPU.ActiveCfg = Release|Any CPU
		{87265CDE-3CA2-4222-923C-25BDCD7C7631}.Release|Any CPU.Build.0 = Release|Any CPU
		{87265CDE-3CA2-4222-923C-25BDCD7C7631}.Release|x64.ActiveCfg = Release|Any CPU
	EndGlobalSection
	GlobalSection(SolutionProperties) = preSolution
		HideSolutionNode = FALSE
	EndGlobalSection
EndGlobal
